// !$*UTF8*$!
{
	archiveVersion = 1;
	classes = {
	};
	objectVersion = 50;
	objects = {

/* Begin PBXBuildFile section */
		0B0E4D6224599DBB00DABF92 /* IndexedUIButton.swift in Sources */ = {isa = PBXBuildFile; fileRef = 0B0E4D6124599DBB00DABF92 /* IndexedUIButton.swift */; };
		0B35C9A424636975008AA00B /* UIView.swift in Sources */ = {isa = PBXBuildFile; fileRef = 0B35C9A324636975008AA00B /* UIView.swift */; };
		0B436766245EC49100262CB3 /* AchievementsViewController.swift in Sources */ = {isa = PBXBuildFile; fileRef = 0B436765245EC49100262CB3 /* AchievementsViewController.swift */; };
		0B436768245EC4C400262CB3 /* AchievementsCell.swift in Sources */ = {isa = PBXBuildFile; fileRef = 0B436767245EC4C400262CB3 /* AchievementsCell.swift */; };
		0B43676A245ED25700262CB3 /* ResourcesManager.swift in Sources */ = {isa = PBXBuildFile; fileRef = 0B436769245ED25700262CB3 /* ResourcesManager.swift */; };
		0B49FC2C245A383D00A4F072 /* ScoreRepository.swift in Sources */ = {isa = PBXBuildFile; fileRef = 0B49FC2B245A383D00A4F072 /* ScoreRepository.swift */; };
		0B49FC2E245A3C3D00A4F072 /* Score.swift in Sources */ = {isa = PBXBuildFile; fileRef = 0B49FC2D245A3C3D00A4F072 /* Score.swift */; };
		0B49FC30245B20C900A4F072 /* Difficulty.swift in Sources */ = {isa = PBXBuildFile; fileRef = 0B49FC2F245B20C900A4F072 /* Difficulty.swift */; };
		0B8E08032461BA970073C89C /* WMSDots.storyboard in Resources */ = {isa = PBXBuildFile; fileRef = 0B8E08022461BA970073C89C /* WMSDots.storyboard */; };
		0B8E08072461BAE70073C89C /* WMSDotsViewController.swift in Sources */ = {isa = PBXBuildFile; fileRef = 0B8E08062461BAE70073C89C /* WMSDotsViewController.swift */; };
		0B94FF63245BA000002CFC41 /* UIStackView.swift in Sources */ = {isa = PBXBuildFile; fileRef = 0B94FF62245BA000002CFC41 /* UIStackView.swift */; };
		0B96E8A12455B3250017E0D7 /* Level.swift in Sources */ = {isa = PBXBuildFile; fileRef = 0B96E8A02455B3250017E0D7 /* Level.swift */; };
		0BA41208245D68B600592355 /* TOMMPicture.storyboard in Resources */ = {isa = PBXBuildFile; fileRef = 0BA41207245D68B600592355 /* TOMMPicture.storyboard */; };
		0BA4120A245D6A2600592355 /* TOMMPictureAnswers.storyboard in Resources */ = {isa = PBXBuildFile; fileRef = 0BA41209245D6A2600592355 /* TOMMPictureAnswers.storyboard */; };
		0BA4120F245D710B00592355 /* LevelViewController.swift in Sources */ = {isa = PBXBuildFile; fileRef = 0BA4120E245D710B00592355 /* LevelViewController.swift */; };
		0BA41212245DCD4C00592355 /* TOMMPictureSet.swift in Sources */ = {isa = PBXBuildFile; fileRef = 0BA41211245DCD4C00592355 /* TOMMPictureSet.swift */; };
		0BBC03FC2460296D0048533B /* SettingsViewController.swift in Sources */ = {isa = PBXBuildFile; fileRef = 0BBC03FB2460296C0048533B /* SettingsViewController.swift */; };
		0BBC03FE246029870048533B /* SimpleActionCell.swift in Sources */ = {isa = PBXBuildFile; fileRef = 0BBC03FD246029870048533B /* SimpleActionCell.swift */; };
		0BBC040124602FDF0048533B /* SimpleSwitcherCell.swift in Sources */ = {isa = PBXBuildFile; fileRef = 0BBC040024602FDF0048533B /* SimpleSwitcherCell.swift */; };
		0BBC04032460304C0048533B /* DetailsCell.swift in Sources */ = {isa = PBXBuildFile; fileRef = 0BBC04022460304C0048533B /* DetailsCell.swift */; };
		0BBC0405246033990048533B /* SettingsCellDetails.swift in Sources */ = {isa = PBXBuildFile; fileRef = 0BBC0404246033990048533B /* SettingsCellDetails.swift */; };
		0BBC0407246038AF0048533B /* SettingsCell.swift in Sources */ = {isa = PBXBuildFile; fileRef = 0BBC0406246038AF0048533B /* SettingsCell.swift */; };
		0BBC8B132462D3B400F7FE20 /* SelectingColorCell.swift in Sources */ = {isa = PBXBuildFile; fileRef = 0BBC8B122462D3B400F7FE20 /* SelectingColorCell.swift */; };
		0BBC8B152462E05500F7FE20 /* ColorScheme.swift in Sources */ = {isa = PBXBuildFile; fileRef = 0BBC8B142462E05500F7FE20 /* ColorScheme.swift */; };
		0BC1FCD72433BA88002161A1 /* AppDelegate.swift in Sources */ = {isa = PBXBuildFile; fileRef = 0BC1FCD62433BA88002161A1 /* AppDelegate.swift */; };
		0BC1FCD92433BA88002161A1 /* SceneDelegate.swift in Sources */ = {isa = PBXBuildFile; fileRef = 0BC1FCD82433BA88002161A1 /* SceneDelegate.swift */; };
		0BC1FCDB2433BA88002161A1 /* MainViewController.swift in Sources */ = {isa = PBXBuildFile; fileRef = 0BC1FCDA2433BA88002161A1 /* MainViewController.swift */; };
		0BC1FCDE2433BA88002161A1 /* Main.storyboard in Resources */ = {isa = PBXBuildFile; fileRef = 0BC1FCDC2433BA88002161A1 /* Main.storyboard */; };
		0BC1FCE02433BA89002161A1 /* Assets.xcassets in Resources */ = {isa = PBXBuildFile; fileRef = 0BC1FCDF2433BA89002161A1 /* Assets.xcassets */; };
		0BC1FCE32433BA89002161A1 /* LaunchScreen.storyboard in Resources */ = {isa = PBXBuildFile; fileRef = 0BC1FCE12433BA89002161A1 /* LaunchScreen.storyboard */; };
		0BC1FCEE2433BA89002161A1 /* MemoriaeTests.swift in Sources */ = {isa = PBXBuildFile; fileRef = 0BC1FCED2433BA89002161A1 /* MemoriaeTests.swift */; };
		0BC1FCF92433BA89002161A1 /* MemoriaeUITests.swift in Sources */ = {isa = PBXBuildFile; fileRef = 0BC1FCF82433BA89002161A1 /* MemoriaeUITests.swift */; };
		0BCEE44D24633959003F7A0A /* ThemeRepository.swift in Sources */ = {isa = PBXBuildFile; fileRef = 0BCEE44C24633959003F7A0A /* ThemeRepository.swift */; };
		0BCEE44F24633A10003F7A0A /* Theme.swift in Sources */ = {isa = PBXBuildFile; fileRef = 0BCEE44E24633A10003F7A0A /* Theme.swift */; };
		0BCEE4522463414B003F7A0A /* UIColor.swift in Sources */ = {isa = PBXBuildFile; fileRef = 0BCEE4512463414B003F7A0A /* UIColor.swift */; };
		0BD9D95B2456E5FF00450D0E /* LevelCell.swift in Sources */ = {isa = PBXBuildFile; fileRef = 0BD9D95A2456E5FF00450D0E /* LevelCell.swift */; };
		0BD9D95F245729BD00450D0E /* LevelPreviewController.swift in Sources */ = {isa = PBXBuildFile; fileRef = 0BD9D95E245729BD00450D0E /* LevelPreviewController.swift */; };
		0BD9D963245763AA00450D0E /* TOMMPictureViewController.swift in Sources */ = {isa = PBXBuildFile; fileRef = 0BD9D962245763AA00450D0E /* TOMMPictureViewController.swift */; };
		0BD9D96524577D5B00450D0E /* TOMMPictureAnswersViewController.swift in Sources */ = {isa = PBXBuildFile; fileRef = 0BD9D96424577D5B00450D0E /* TOMMPictureAnswersViewController.swift */; };
		0BD9D96824577F2700450D0E /* TOMMAnswerCell.swift in Sources */ = {isa = PBXBuildFile; fileRef = 0BD9D96724577F2700450D0E /* TOMMAnswerCell.swift */; };
		0BDE909B2461AD57006D8F47 /* PointsGenerator.swift in Sources */ = {isa = PBXBuildFile; fileRef = 0BDE909A2461AD57006D8F47 /* PointsGenerator.swift */; };
		187236DC4ADDC9066E3CE74B /* Pods_Memoriae.framework in Frameworks */ = {isa = PBXBuildFile; fileRef = B962E7BCDAFC590754E8A6FF /* Pods_Memoriae.framework */; };
		64046A64A4B6A9E0028BDB56 /* Pods_MemoriaeUITests.framework in Frameworks */ = {isa = PBXBuildFile; fileRef = 7367931731C180D547DCC07E /* Pods_MemoriaeUITests.framework */; };
		B748487A86F76CA012E23622 /* Pods_MemoriaeTests.framework in Frameworks */ = {isa = PBXBuildFile; fileRef = A33EEC53947962658FA7A238 /* Pods_MemoriaeTests.framework */; };
/* End PBXBuildFile section */

/* Begin PBXContainerItemProxy section */
		0BC1FCEA2433BA89002161A1 /* PBXContainerItemProxy */ = {
			isa = PBXContainerItemProxy;
			containerPortal = 0BC1FCCB2433BA88002161A1 /* Project object */;
			proxyType = 1;
			remoteGlobalIDString = 0BC1FCD22433BA88002161A1;
			remoteInfo = Memoriae;
		};
		0BC1FCF52433BA89002161A1 /* PBXContainerItemProxy */ = {
			isa = PBXContainerItemProxy;
			containerPortal = 0BC1FCCB2433BA88002161A1 /* Project object */;
			proxyType = 1;
			remoteGlobalIDString = 0BC1FCD22433BA88002161A1;
			remoteInfo = Memoriae;
		};
/* End PBXContainerItemProxy section */

/* Begin PBXFileReference section */
		0B0E4D6124599DBB00DABF92 /* IndexedUIButton.swift */ = {isa = PBXFileReference; lastKnownFileType = sourcecode.swift; path = IndexedUIButton.swift; sourceTree = "<group>"; };
		0B35C9A324636975008AA00B /* UIView.swift */ = {isa = PBXFileReference; lastKnownFileType = sourcecode.swift; path = UIView.swift; sourceTree = "<group>"; };
		0B436765245EC49100262CB3 /* AchievementsViewController.swift */ = {isa = PBXFileReference; lastKnownFileType = sourcecode.swift; path = AchievementsViewController.swift; sourceTree = "<group>"; };
		0B436767245EC4C400262CB3 /* AchievementsCell.swift */ = {isa = PBXFileReference; lastKnownFileType = sourcecode.swift; path = AchievementsCell.swift; sourceTree = "<group>"; };
		0B436769245ED25700262CB3 /* ResourcesManager.swift */ = {isa = PBXFileReference; lastKnownFileType = sourcecode.swift; path = ResourcesManager.swift; sourceTree = "<group>"; };
		0B49FC2B245A383D00A4F072 /* ScoreRepository.swift */ = {isa = PBXFileReference; lastKnownFileType = sourcecode.swift; path = ScoreRepository.swift; sourceTree = "<group>"; };
		0B49FC2D245A3C3D00A4F072 /* Score.swift */ = {isa = PBXFileReference; lastKnownFileType = sourcecode.swift; path = Score.swift; sourceTree = "<group>"; };
		0B49FC2F245B20C900A4F072 /* Difficulty.swift */ = {isa = PBXFileReference; lastKnownFileType = sourcecode.swift; path = Difficulty.swift; sourceTree = "<group>"; };
		0B8E08022461BA970073C89C /* WMSDots.storyboard */ = {isa = PBXFileReference; lastKnownFileType = file.storyboard; path = WMSDots.storyboard; sourceTree = "<group>"; };
		0B8E08062461BAE70073C89C /* WMSDotsViewController.swift */ = {isa = PBXFileReference; lastKnownFileType = sourcecode.swift; path = WMSDotsViewController.swift; sourceTree = "<group>"; };
		0B94FF62245BA000002CFC41 /* UIStackView.swift */ = {isa = PBXFileReference; lastKnownFileType = sourcecode.swift; path = UIStackView.swift; sourceTree = "<group>"; };
		0B96E8A02455B3250017E0D7 /* Level.swift */ = {isa = PBXFileReference; lastKnownFileType = sourcecode.swift; path = Level.swift; sourceTree = "<group>"; };
		0BA41207245D68B600592355 /* TOMMPicture.storyboard */ = {isa = PBXFileReference; lastKnownFileType = file.storyboard; path = TOMMPicture.storyboard; sourceTree = "<group>"; };
		0BA41209245D6A2600592355 /* TOMMPictureAnswers.storyboard */ = {isa = PBXFileReference; lastKnownFileType = file.storyboard; path = TOMMPictureAnswers.storyboard; sourceTree = "<group>"; };
		0BA4120E245D710B00592355 /* LevelViewController.swift */ = {isa = PBXFileReference; lastKnownFileType = sourcecode.swift; path = LevelViewController.swift; sourceTree = "<group>"; };
		0BA41211245DCD4C00592355 /* TOMMPictureSet.swift */ = {isa = PBXFileReference; lastKnownFileType = sourcecode.swift; path = TOMMPictureSet.swift; sourceTree = "<group>"; };
		0BBC03FB2460296C0048533B /* SettingsViewController.swift */ = {isa = PBXFileReference; lastKnownFileType = sourcecode.swift; path = SettingsViewController.swift; sourceTree = "<group>"; };
		0BBC03FD246029870048533B /* SimpleActionCell.swift */ = {isa = PBXFileReference; lastKnownFileType = sourcecode.swift; path = SimpleActionCell.swift; sourceTree = "<group>"; };
		0BBC040024602FDF0048533B /* SimpleSwitcherCell.swift */ = {isa = PBXFileReference; lastKnownFileType = sourcecode.swift; path = SimpleSwitcherCell.swift; sourceTree = "<group>"; };
		0BBC04022460304C0048533B /* DetailsCell.swift */ = {isa = PBXFileReference; lastKnownFileType = sourcecode.swift; path = DetailsCell.swift; sourceTree = "<group>"; };
		0BBC0404246033990048533B /* SettingsCellDetails.swift */ = {isa = PBXFileReference; lastKnownFileType = sourcecode.swift; path = SettingsCellDetails.swift; sourceTree = "<group>"; };
		0BBC0406246038AF0048533B /* SettingsCell.swift */ = {isa = PBXFileReference; lastKnownFileType = sourcecode.swift; path = SettingsCell.swift; sourceTree = "<group>"; };
		0BBC8B122462D3B400F7FE20 /* SelectingColorCell.swift */ = {isa = PBXFileReference; lastKnownFileType = sourcecode.swift; path = SelectingColorCell.swift; sourceTree = "<group>"; };
		0BBC8B142462E05500F7FE20 /* ColorScheme.swift */ = {isa = PBXFileReference; lastKnownFileType = sourcecode.swift; path = ColorScheme.swift; sourceTree = "<group>"; };
		0BC1FCD32433BA88002161A1 /* Memoriae.app */ = {isa = PBXFileReference; explicitFileType = wrapper.application; includeInIndex = 0; path = Memoriae.app; sourceTree = BUILT_PRODUCTS_DIR; };
		0BC1FCD62433BA88002161A1 /* AppDelegate.swift */ = {isa = PBXFileReference; lastKnownFileType = sourcecode.swift; path = AppDelegate.swift; sourceTree = "<group>"; };
		0BC1FCD82433BA88002161A1 /* SceneDelegate.swift */ = {isa = PBXFileReference; lastKnownFileType = sourcecode.swift; path = SceneDelegate.swift; sourceTree = "<group>"; };
		0BC1FCDA2433BA88002161A1 /* MainViewController.swift */ = {isa = PBXFileReference; lastKnownFileType = sourcecode.swift; path = MainViewController.swift; sourceTree = "<group>"; };
		0BC1FCDD2433BA88002161A1 /* Base */ = {isa = PBXFileReference; lastKnownFileType = file.storyboard; name = Base; path = Base.lproj/Main.storyboard; sourceTree = "<group>"; };
		0BC1FCDF2433BA89002161A1 /* Assets.xcassets */ = {isa = PBXFileReference; lastKnownFileType = folder.assetcatalog; path = Assets.xcassets; sourceTree = "<group>"; };
		0BC1FCE22433BA89002161A1 /* Base */ = {isa = PBXFileReference; lastKnownFileType = file.storyboard; name = Base; path = Base.lproj/LaunchScreen.storyboard; sourceTree = "<group>"; };
		0BC1FCE42433BA89002161A1 /* Info.plist */ = {isa = PBXFileReference; lastKnownFileType = text.plist.xml; path = Info.plist; sourceTree = "<group>"; };
		0BC1FCE92433BA89002161A1 /* MemoriaeTests.xctest */ = {isa = PBXFileReference; explicitFileType = wrapper.cfbundle; includeInIndex = 0; path = MemoriaeTests.xctest; sourceTree = BUILT_PRODUCTS_DIR; };
		0BC1FCED2433BA89002161A1 /* MemoriaeTests.swift */ = {isa = PBXFileReference; lastKnownFileType = sourcecode.swift; path = MemoriaeTests.swift; sourceTree = "<group>"; };
		0BC1FCEF2433BA89002161A1 /* Info.plist */ = {isa = PBXFileReference; lastKnownFileType = text.plist.xml; path = Info.plist; sourceTree = "<group>"; };
		0BC1FCF42433BA89002161A1 /* MemoriaeUITests.xctest */ = {isa = PBXFileReference; explicitFileType = wrapper.cfbundle; includeInIndex = 0; path = MemoriaeUITests.xctest; sourceTree = BUILT_PRODUCTS_DIR; };
		0BC1FCF82433BA89002161A1 /* MemoriaeUITests.swift */ = {isa = PBXFileReference; lastKnownFileType = sourcecode.swift; path = MemoriaeUITests.swift; sourceTree = "<group>"; };
		0BC1FCFA2433BA89002161A1 /* Info.plist */ = {isa = PBXFileReference; lastKnownFileType = text.plist.xml; path = Info.plist; sourceTree = "<group>"; };
		0BCEE44C24633959003F7A0A /* ThemeRepository.swift */ = {isa = PBXFileReference; lastKnownFileType = sourcecode.swift; path = ThemeRepository.swift; sourceTree = "<group>"; };
		0BCEE44E24633A10003F7A0A /* Theme.swift */ = {isa = PBXFileReference; lastKnownFileType = sourcecode.swift; path = Theme.swift; sourceTree = "<group>"; };
		0BCEE4512463414B003F7A0A /* UIColor.swift */ = {isa = PBXFileReference; lastKnownFileType = sourcecode.swift; path = UIColor.swift; sourceTree = "<group>"; };
		0BD9D95A2456E5FF00450D0E /* LevelCell.swift */ = {isa = PBXFileReference; lastKnownFileType = sourcecode.swift; path = LevelCell.swift; sourceTree = "<group>"; };
		0BD9D95E245729BD00450D0E /* LevelPreviewController.swift */ = {isa = PBXFileReference; lastKnownFileType = sourcecode.swift; path = LevelPreviewController.swift; sourceTree = "<group>"; };
		0BD9D962245763AA00450D0E /* TOMMPictureViewController.swift */ = {isa = PBXFileReference; lastKnownFileType = sourcecode.swift; path = TOMMPictureViewController.swift; sourceTree = "<group>"; };
		0BD9D96424577D5B00450D0E /* TOMMPictureAnswersViewController.swift */ = {isa = PBXFileReference; lastKnownFileType = sourcecode.swift; path = TOMMPictureAnswersViewController.swift; sourceTree = "<group>"; };
		0BD9D96724577F2700450D0E /* TOMMAnswerCell.swift */ = {isa = PBXFileReference; lastKnownFileType = sourcecode.swift; path = TOMMAnswerCell.swift; sourceTree = "<group>"; };
		0BDE909A2461AD57006D8F47 /* PointsGenerator.swift */ = {isa = PBXFileReference; lastKnownFileType = sourcecode.swift; path = PointsGenerator.swift; sourceTree = "<group>"; };
		4E5912D020F1E2023348921F /* Pods-MemoriaeTests.release.xcconfig */ = {isa = PBXFileReference; includeInIndex = 1; lastKnownFileType = text.xcconfig; name = "Pods-MemoriaeTests.release.xcconfig"; path = "Pods/Target Support Files/Pods-MemoriaeTests/Pods-MemoriaeTests.release.xcconfig"; sourceTree = "<group>"; };
		5C0B4B8851CB1AE3B7A8F570 /* Pods-Memoriae.debug.xcconfig */ = {isa = PBXFileReference; includeInIndex = 1; lastKnownFileType = text.xcconfig; name = "Pods-Memoriae.debug.xcconfig"; path = "Pods/Target Support Files/Pods-Memoriae/Pods-Memoriae.debug.xcconfig"; sourceTree = "<group>"; };
		7367931731C180D547DCC07E /* Pods_MemoriaeUITests.framework */ = {isa = PBXFileReference; explicitFileType = wrapper.framework; includeInIndex = 0; path = Pods_MemoriaeUITests.framework; sourceTree = BUILT_PRODUCTS_DIR; };
		8B6CF494E59CB5475C18C5CC /* Pods-MemoriaeUITests.release.xcconfig */ = {isa = PBXFileReference; includeInIndex = 1; lastKnownFileType = text.xcconfig; name = "Pods-MemoriaeUITests.release.xcconfig"; path = "Pods/Target Support Files/Pods-MemoriaeUITests/Pods-MemoriaeUITests.release.xcconfig"; sourceTree = "<group>"; };
		A33EEC53947962658FA7A238 /* Pods_MemoriaeTests.framework */ = {isa = PBXFileReference; explicitFileType = wrapper.framework; includeInIndex = 0; path = Pods_MemoriaeTests.framework; sourceTree = BUILT_PRODUCTS_DIR; };
		AAFB0C16F75965431EB4C09A /* Pods-MemoriaeUITests.debug.xcconfig */ = {isa = PBXFileReference; includeInIndex = 1; lastKnownFileType = text.xcconfig; name = "Pods-MemoriaeUITests.debug.xcconfig"; path = "Pods/Target Support Files/Pods-MemoriaeUITests/Pods-MemoriaeUITests.debug.xcconfig"; sourceTree = "<group>"; };
		B962E7BCDAFC590754E8A6FF /* Pods_Memoriae.framework */ = {isa = PBXFileReference; explicitFileType = wrapper.framework; includeInIndex = 0; path = Pods_Memoriae.framework; sourceTree = BUILT_PRODUCTS_DIR; };
		C0AE38F156C05FFAB81E0F90 /* Pods-Memoriae.release.xcconfig */ = {isa = PBXFileReference; includeInIndex = 1; lastKnownFileType = text.xcconfig; name = "Pods-Memoriae.release.xcconfig"; path = "Pods/Target Support Files/Pods-Memoriae/Pods-Memoriae.release.xcconfig"; sourceTree = "<group>"; };
		FB109471E26E4635C54C21E8 /* Pods-MemoriaeTests.debug.xcconfig */ = {isa = PBXFileReference; includeInIndex = 1; lastKnownFileType = text.xcconfig; name = "Pods-MemoriaeTests.debug.xcconfig"; path = "Pods/Target Support Files/Pods-MemoriaeTests/Pods-MemoriaeTests.debug.xcconfig"; sourceTree = "<group>"; };
/* End PBXFileReference section */

/* Begin PBXFrameworksBuildPhase section */
		0BC1FCD02433BA88002161A1 /* Frameworks */ = {
			isa = PBXFrameworksBuildPhase;
			buildActionMask = 2147483647;
			files = (
				187236DC4ADDC9066E3CE74B /* Pods_Memoriae.framework in Frameworks */,
			);
			runOnlyForDeploymentPostprocessing = 0;
		};
		0BC1FCE62433BA89002161A1 /* Frameworks */ = {
			isa = PBXFrameworksBuildPhase;
			buildActionMask = 2147483647;
			files = (
				B748487A86F76CA012E23622 /* Pods_MemoriaeTests.framework in Frameworks */,
			);
			runOnlyForDeploymentPostprocessing = 0;
		};
		0BC1FCF12433BA89002161A1 /* Frameworks */ = {
			isa = PBXFrameworksBuildPhase;
			buildActionMask = 2147483647;
			files = (
				64046A64A4B6A9E0028BDB56 /* Pods_MemoriaeUITests.framework in Frameworks */,
			);
			runOnlyForDeploymentPostprocessing = 0;
		};
/* End PBXFrameworksBuildPhase section */

/* Begin PBXGroup section */
		0B436764245EC42000262CB3 /* Achievements */ = {
			isa = PBXGroup;
			children = (
				0B436765245EC49100262CB3 /* AchievementsViewController.swift */,
				0B436767245EC4C400262CB3 /* AchievementsCell.swift */,
			);
			path = Achievements;
			sourceTree = "<group>";
		};
		0B49FC31245B601400A4F072 /* Levels */ = {
			isa = PBXGroup;
			children = (
				0BC1FCDA2433BA88002161A1 /* MainViewController.swift */,
				0BD9D95A2456E5FF00450D0E /* LevelCell.swift */,
				0BD9D95E245729BD00450D0E /* LevelPreviewController.swift */,
				0BA4120E245D710B00592355 /* LevelViewController.swift */,
				0BD9D96624577EDC00450D0E /* TOMMPicture */,
				0BDE90992461AD1A006D8F47 /* WMSDots */,
			);
			path = Levels;
			sourceTree = "<group>";
		};
		0B8E07FF2461B9960073C89C /* WMSDots */ = {
			isa = PBXGroup;
			children = (
				0B8E08022461BA970073C89C /* WMSDots.storyboard */,
			);
			path = WMSDots;
			sourceTree = "<group>";
		};
		0B96E89F2455B2E30017E0D7 /* Model */ = {
			isa = PBXGroup;
			children = (
				0BA41210245DCD0600592355 /* TOMMPicture */,
				0B96E8A02455B3250017E0D7 /* Level.swift */,
				0B49FC2D245A3C3D00A4F072 /* Score.swift */,
				0B49FC2F245B20C900A4F072 /* Difficulty.swift */,
			);
			path = Model;
			sourceTree = "<group>";
		};
		0BA4120B245D6ADD00592355 /* Storyboard */ = {
			isa = PBXGroup;
			children = (
				0BA4120C245D6B2100592355 /* Levels */,
				0BC1FCE12433BA89002161A1 /* LaunchScreen.storyboard */,
				0BC1FCDC2433BA88002161A1 /* Main.storyboard */,
			);
			path = Storyboard;
			sourceTree = "<group>";
		};
		0BA4120C245D6B2100592355 /* Levels */ = {
			isa = PBXGroup;
			children = (
				0B8E07FF2461B9960073C89C /* WMSDots */,
				0BA4120D245D6B2D00592355 /* TOMMPicture */,
			);
			path = Levels;
			sourceTree = "<group>";
		};
		0BA4120D245D6B2D00592355 /* TOMMPicture */ = {
			isa = PBXGroup;
			children = (
				0BA41207245D68B600592355 /* TOMMPicture.storyboard */,
				0BA41209245D6A2600592355 /* TOMMPictureAnswers.storyboard */,
			);
			path = TOMMPicture;
			sourceTree = "<group>";
		};
		0BA41210245DCD0600592355 /* TOMMPicture */ = {
			isa = PBXGroup;
			children = (
				0BA41211245DCD4C00592355 /* TOMMPictureSet.swift */,
			);
			path = TOMMPicture;
			sourceTree = "<group>";
		};
		0BBC03F6246010DD0048533B /* Settings */ = {
			isa = PBXGroup;
			children = (
				0BBC03FB2460296C0048533B /* SettingsViewController.swift */,
				0BBC0404246033990048533B /* SettingsCellDetails.swift */,
				0BBC0406246038AF0048533B /* SettingsCell.swift */,
				0BBC03FF24602FA20048533B /* Cells */,
			);
			path = Settings;
			sourceTree = "<group>";
		};
		0BBC03FF24602FA20048533B /* Cells */ = {
			isa = PBXGroup;
			children = (
				0BBC03FD246029870048533B /* SimpleActionCell.swift */,
				0BBC040024602FDF0048533B /* SimpleSwitcherCell.swift */,
				0BBC04022460304C0048533B /* DetailsCell.swift */,
				0BBC8B122462D3B400F7FE20 /* SelectingColorCell.swift */,
			);
			path = Cells;
			sourceTree = "<group>";
		};
		0BC1FCCA2433BA88002161A1 = {
			isa = PBXGroup;
			children = (
				0BC1FCD52433BA88002161A1 /* Memoriae */,
				0BC1FCEC2433BA89002161A1 /* MemoriaeTests */,
				0BC1FCF72433BA89002161A1 /* MemoriaeUITests */,
				0BC1FCD42433BA88002161A1 /* Products */,
				BB1A6448255F238710F98854 /* Pods */,
				E4749EDDD7774F9A9A39456C /* Frameworks */,
			);
			sourceTree = "<group>";
		};
		0BC1FCD42433BA88002161A1 /* Products */ = {
			isa = PBXGroup;
			children = (
				0BC1FCD32433BA88002161A1 /* Memoriae.app */,
				0BC1FCE92433BA89002161A1 /* MemoriaeTests.xctest */,
				0BC1FCF42433BA89002161A1 /* MemoriaeUITests.xctest */,
			);
			name = Products;
			sourceTree = "<group>";
		};
		0BC1FCD52433BA88002161A1 /* Memoriae */ = {
			isa = PBXGroup;
			children = (
				0BA4120B245D6ADD00592355 /* Storyboard */,
				0BD9D9592456DE3A00450D0E /* Repository */,
				0BD9D9582456DE2900450D0E /* Screen */,
				0B96E89F2455B2E30017E0D7 /* Model */,
				0BC1FCD62433BA88002161A1 /* AppDelegate.swift */,
				0BC1FCD82433BA88002161A1 /* SceneDelegate.swift */,
				0BC1FCDF2433BA89002161A1 /* Assets.xcassets */,
				0BC1FCE42433BA89002161A1 /* Info.plist */,
			);
			path = Memoriae;
			sourceTree = "<group>";
		};
		0BC1FCEC2433BA89002161A1 /* MemoriaeTests */ = {
			isa = PBXGroup;
			children = (
				0BC1FCED2433BA89002161A1 /* MemoriaeTests.swift */,
				0BC1FCEF2433BA89002161A1 /* Info.plist */,
			);
			path = MemoriaeTests;
			sourceTree = "<group>";
		};
		0BC1FCF72433BA89002161A1 /* MemoriaeUITests */ = {
			isa = PBXGroup;
			children = (
				0BC1FCF82433BA89002161A1 /* MemoriaeUITests.swift */,
				0BC1FCFA2433BA89002161A1 /* Info.plist */,
			);
			path = MemoriaeUITests;
			sourceTree = "<group>";
		};
		0BCEE45024634131003F7A0A /* ColorScheme */ = {
			isa = PBXGroup;
			children = (
				0BBC8B142462E05500F7FE20 /* ColorScheme.swift */,
				0BCEE44E24633A10003F7A0A /* Theme.swift */,
				0BCEE4512463414B003F7A0A /* UIColor.swift */,
			);
			path = ColorScheme;
			sourceTree = "<group>";
		};
		0BD9D9582456DE2900450D0E /* Screen */ = {
			isa = PBXGroup;
			children = (
				0BCEE45024634131003F7A0A /* ColorScheme */,
				0B436764245EC42000262CB3 /* Achievements */,
				0BBC03F6246010DD0048533B /* Settings */,
				0B49FC31245B601400A4F072 /* Levels */,
				0B0E4D6124599DBB00DABF92 /* IndexedUIButton.swift */,
				0B94FF62245BA000002CFC41 /* UIStackView.swift */,
				0B35C9A324636975008AA00B /* UIView.swift */,
			);
			path = Screen;
			sourceTree = "<group>";
		};
		0BD9D9592456DE3A00450D0E /* Repository */ = {
			isa = PBXGroup;
			children = (
				0B49FC2B245A383D00A4F072 /* ScoreRepository.swift */,
				0B436769245ED25700262CB3 /* ResourcesManager.swift */,
				0BCEE44C24633959003F7A0A /* ThemeRepository.swift */,
			);
			path = Repository;
			sourceTree = "<group>";
		};
		0BD9D96624577EDC00450D0E /* TOMMPicture */ = {
			isa = PBXGroup;
			children = (
				0BD9D962245763AA00450D0E /* TOMMPictureViewController.swift */,
				0BD9D96724577F2700450D0E /* TOMMAnswerCell.swift */,
				0BD9D96424577D5B00450D0E /* TOMMPictureAnswersViewController.swift */,
			);
			path = TOMMPicture;
			sourceTree = "<group>";
		};
		0BDE90992461AD1A006D8F47 /* WMSDots */ = {
			isa = PBXGroup;
			children = (
				0B8E08062461BAE70073C89C /* WMSDotsViewController.swift */,
				0BDE909A2461AD57006D8F47 /* PointsGenerator.swift */,
			);
			path = WMSDots;
			sourceTree = "<group>";
		};
		BB1A6448255F238710F98854 /* Pods */ = {
			isa = PBXGroup;
			children = (
				5C0B4B8851CB1AE3B7A8F570 /* Pods-Memoriae.debug.xcconfig */,
				C0AE38F156C05FFAB81E0F90 /* Pods-Memoriae.release.xcconfig */,
				FB109471E26E4635C54C21E8 /* Pods-MemoriaeTests.debug.xcconfig */,
				4E5912D020F1E2023348921F /* Pods-MemoriaeTests.release.xcconfig */,
				AAFB0C16F75965431EB4C09A /* Pods-MemoriaeUITests.debug.xcconfig */,
				8B6CF494E59CB5475C18C5CC /* Pods-MemoriaeUITests.release.xcconfig */,
			);
			name = Pods;
			sourceTree = "<group>";
		};
		E4749EDDD7774F9A9A39456C /* Frameworks */ = {
			isa = PBXGroup;
			children = (
				B962E7BCDAFC590754E8A6FF /* Pods_Memoriae.framework */,
				A33EEC53947962658FA7A238 /* Pods_MemoriaeTests.framework */,
				7367931731C180D547DCC07E /* Pods_MemoriaeUITests.framework */,
			);
			name = Frameworks;
			sourceTree = "<group>";
		};
/* End PBXGroup section */

/* Begin PBXNativeTarget section */
		0BC1FCD22433BA88002161A1 /* Memoriae */ = {
			isa = PBXNativeTarget;
			buildConfigurationList = 0BC1FCFD2433BA89002161A1 /* Build configuration list for PBXNativeTarget "Memoriae" */;
			buildPhases = (
				7A6723EE4361F0D2FE42E77A /* [CP] Check Pods Manifest.lock */,
				0BC1FD072433FD86002161A1 /* SwiftLint */,
				0BC1FCCF2433BA88002161A1 /* Sources */,
				0BC1FCD02433BA88002161A1 /* Frameworks */,
				0BC1FCD12433BA88002161A1 /* Resources */,
				416583201B66FF28C9DB872E /* [CP] Embed Pods Frameworks */,
			);
			buildRules = (
			);
			dependencies = (
			);
			name = Memoriae;
			productName = Memoriae;
			productReference = 0BC1FCD32433BA88002161A1 /* Memoriae.app */;
			productType = "com.apple.product-type.application";
		};
		0BC1FCE82433BA89002161A1 /* MemoriaeTests */ = {
			isa = PBXNativeTarget;
			buildConfigurationList = 0BC1FD002433BA89002161A1 /* Build configuration list for PBXNativeTarget "MemoriaeTests" */;
			buildPhases = (
				57A4CA4F327071B89F70DCBD /* [CP] Check Pods Manifest.lock */,
				0BC1FCE52433BA89002161A1 /* Sources */,
				0BC1FCE62433BA89002161A1 /* Frameworks */,
				0BC1FCE72433BA89002161A1 /* Resources */,
			);
			buildRules = (
			);
			dependencies = (
				0BC1FCEB2433BA89002161A1 /* PBXTargetDependency */,
			);
			name = MemoriaeTests;
			productName = MemoriaeTests;
			productReference = 0BC1FCE92433BA89002161A1 /* MemoriaeTests.xctest */;
			productType = "com.apple.product-type.bundle.unit-test";
		};
		0BC1FCF32433BA89002161A1 /* MemoriaeUITests */ = {
			isa = PBXNativeTarget;
			buildConfigurationList = 0BC1FD032433BA89002161A1 /* Build configuration list for PBXNativeTarget "MemoriaeUITests" */;
			buildPhases = (
				DC51B3B9C01CF02E6170DBEB /* [CP] Check Pods Manifest.lock */,
				0BC1FCF02433BA89002161A1 /* Sources */,
				0BC1FCF12433BA89002161A1 /* Frameworks */,
				0BC1FCF22433BA89002161A1 /* Resources */,
			);
			buildRules = (
			);
			dependencies = (
				0BC1FCF62433BA89002161A1 /* PBXTargetDependency */,
			);
			name = MemoriaeUITests;
			productName = MemoriaeUITests;
			productReference = 0BC1FCF42433BA89002161A1 /* MemoriaeUITests.xctest */;
			productType = "com.apple.product-type.bundle.ui-testing";
		};
/* End PBXNativeTarget section */

/* Begin PBXProject section */
		0BC1FCCB2433BA88002161A1 /* Project object */ = {
			isa = PBXProject;
			attributes = {
				LastSwiftUpdateCheck = 1140;
				LastUpgradeCheck = 1140;
				ORGANIZATIONNAME = "SheetCode Team";
				TargetAttributes = {
					0BC1FCD22433BA88002161A1 = {
						CreatedOnToolsVersion = 11.4;
					};
					0BC1FCE82433BA89002161A1 = {
						CreatedOnToolsVersion = 11.4;
						TestTargetID = 0BC1FCD22433BA88002161A1;
					};
					0BC1FCF32433BA89002161A1 = {
						CreatedOnToolsVersion = 11.4;
						TestTargetID = 0BC1FCD22433BA88002161A1;
					};
				};
			};
			buildConfigurationList = 0BC1FCCE2433BA88002161A1 /* Build configuration list for PBXProject "Memoriae" */;
			compatibilityVersion = "Xcode 9.3";
			developmentRegion = en;
			hasScannedForEncodings = 0;
			knownRegions = (
				en,
				Base,
			);
			mainGroup = 0BC1FCCA2433BA88002161A1;
			productRefGroup = 0BC1FCD42433BA88002161A1 /* Products */;
			projectDirPath = "";
			projectRoot = "";
			targets = (
				0BC1FCD22433BA88002161A1 /* Memoriae */,
				0BC1FCE82433BA89002161A1 /* MemoriaeTests */,
				0BC1FCF32433BA89002161A1 /* MemoriaeUITests */,
			);
		};
/* End PBXProject section */

/* Begin PBXResourcesBuildPhase section */
		0BC1FCD12433BA88002161A1 /* Resources */ = {
			isa = PBXResourcesBuildPhase;
			buildActionMask = 2147483647;
			files = (
				0BC1FCE32433BA89002161A1 /* LaunchScreen.storyboard in Resources */,
				0BC1FCE02433BA89002161A1 /* Assets.xcassets in Resources */,
				0B8E08032461BA970073C89C /* WMSDots.storyboard in Resources */,
				0BA4120A245D6A2600592355 /* TOMMPictureAnswers.storyboard in Resources */,
				0BA41208245D68B600592355 /* TOMMPicture.storyboard in Resources */,
				0BC1FCDE2433BA88002161A1 /* Main.storyboard in Resources */,
			);
			runOnlyForDeploymentPostprocessing = 0;
		};
		0BC1FCE72433BA89002161A1 /* Resources */ = {
			isa = PBXResourcesBuildPhase;
			buildActionMask = 2147483647;
			files = (
			);
			runOnlyForDeploymentPostprocessing = 0;
		};
		0BC1FCF22433BA89002161A1 /* Resources */ = {
			isa = PBXResourcesBuildPhase;
			buildActionMask = 2147483647;
			files = (
			);
			runOnlyForDeploymentPostprocessing = 0;
		};
/* End PBXResourcesBuildPhase section */

/* Begin PBXShellScriptBuildPhase section */
		0BC1FD072433FD86002161A1 /* SwiftLint */ = {
			isa = PBXShellScriptBuildPhase;
			buildActionMask = 2147483647;
			files = (
			);
			inputPaths = (
			);
			name = SwiftLint;
			outputPaths = (
			);
			runOnlyForDeploymentPostprocessing = 0;
			shellPath = /bin/sh;
			shellScript = "\"${PODS_ROOT}/SwiftLint/swiftlint\"\n";
		};
		416583201B66FF28C9DB872E /* [CP] Embed Pods Frameworks */ = {
			isa = PBXShellScriptBuildPhase;
			buildActionMask = 2147483647;
			files = (
			);
			inputPaths = (
				"${SRCROOT}/Pods/Target Support Files/Pods-Memoriae/Pods-Memoriae-frameworks.sh",
				"${BUILT_PRODUCTS_DIR}/Realm/Realm.framework",
				"${BUILT_PRODUCTS_DIR}/RealmSwift/RealmSwift.framework",
			);
			name = "[CP] Embed Pods Frameworks";
			outputPaths = (
				"${TARGET_BUILD_DIR}/${FRAMEWORKS_FOLDER_PATH}/Realm.framework",
				"${TARGET_BUILD_DIR}/${FRAMEWORKS_FOLDER_PATH}/RealmSwift.framework",
			);
			runOnlyForDeploymentPostprocessing = 0;
			shellPath = /bin/sh;
			shellScript = "\"${SRCROOT}/Pods/Target Support Files/Pods-Memoriae/Pods-Memoriae-frameworks.sh\"\n";
			showEnvVarsInLog = 0;
		};
		57A4CA4F327071B89F70DCBD /* [CP] Check Pods Manifest.lock */ = {
			isa = PBXShellScriptBuildPhase;
			buildActionMask = 2147483647;
			files = (
			);
			inputPaths = (
				"${PODS_PODFILE_DIR_PATH}/Podfile.lock",
				"${PODS_ROOT}/Manifest.lock",
			);
			name = "[CP] Check Pods Manifest.lock";
			outputPaths = (
				"$(DERIVED_FILE_DIR)/Pods-MemoriaeTests-checkManifestLockResult.txt",
			);
			runOnlyForDeploymentPostprocessing = 0;
			shellPath = /bin/sh;
			shellScript = "diff \"${PODS_PODFILE_DIR_PATH}/Podfile.lock\" \"${PODS_ROOT}/Manifest.lock\" > /dev/null\nif [ $? != 0 ] ; then\n    # print error to STDERR\n    echo \"error: The sandbox is not in sync with the Podfile.lock. Run 'pod install' or update your CocoaPods installation.\" >&2\n    exit 1\nfi\n# This output is used by Xcode 'outputs' to avoid re-running this script phase.\necho \"SUCCESS\" > \"${SCRIPT_OUTPUT_FILE_0}\"\n";
			showEnvVarsInLog = 0;
		};
		7A6723EE4361F0D2FE42E77A /* [CP] Check Pods Manifest.lock */ = {
			isa = PBXShellScriptBuildPhase;
			buildActionMask = 2147483647;
			files = (
			);
			inputPaths = (
				"${PODS_PODFILE_DIR_PATH}/Podfile.lock",
				"${PODS_ROOT}/Manifest.lock",
			);
			name = "[CP] Check Pods Manifest.lock";
			outputPaths = (
				"$(DERIVED_FILE_DIR)/Pods-Memoriae-checkManifestLockResult.txt",
			);
			runOnlyForDeploymentPostprocessing = 0;
			shellPath = /bin/sh;
			shellScript = "diff \"${PODS_PODFILE_DIR_PATH}/Podfile.lock\" \"${PODS_ROOT}/Manifest.lock\" > /dev/null\nif [ $? != 0 ] ; then\n    # print error to STDERR\n    echo \"error: The sandbox is not in sync with the Podfile.lock. Run 'pod install' or update your CocoaPods installation.\" >&2\n    exit 1\nfi\n# This output is used by Xcode 'outputs' to avoid re-running this script phase.\necho \"SUCCESS\" > \"${SCRIPT_OUTPUT_FILE_0}\"\n";
			showEnvVarsInLog = 0;
		};
		DC51B3B9C01CF02E6170DBEB /* [CP] Check Pods Manifest.lock */ = {
			isa = PBXShellScriptBuildPhase;
			buildActionMask = 2147483647;
			files = (
			);
			inputPaths = (
				"${PODS_PODFILE_DIR_PATH}/Podfile.lock",
				"${PODS_ROOT}/Manifest.lock",
			);
			name = "[CP] Check Pods Manifest.lock";
			outputPaths = (
				"$(DERIVED_FILE_DIR)/Pods-MemoriaeUITests-checkManifestLockResult.txt",
			);
			runOnlyForDeploymentPostprocessing = 0;
			shellPath = /bin/sh;
			shellScript = "diff \"${PODS_PODFILE_DIR_PATH}/Podfile.lock\" \"${PODS_ROOT}/Manifest.lock\" > /dev/null\nif [ $? != 0 ] ; then\n    # print error to STDERR\n    echo \"error: The sandbox is not in sync with the Podfile.lock. Run 'pod install' or update your CocoaPods installation.\" >&2\n    exit 1\nfi\n# This output is used by Xcode 'outputs' to avoid re-running this script phase.\necho \"SUCCESS\" > \"${SCRIPT_OUTPUT_FILE_0}\"\n";
			showEnvVarsInLog = 0;
		};
/* End PBXShellScriptBuildPhase section */

/* Begin PBXSourcesBuildPhase section */
		0BC1FCCF2433BA88002161A1 /* Sources */ = {
			isa = PBXSourcesBuildPhase;
			buildActionMask = 2147483647;
			files = (
				0BC1FCDB2433BA88002161A1 /* MainViewController.swift in Sources */,
				0B436768245EC4C400262CB3 /* AchievementsCell.swift in Sources */,
				0BBC03FC2460296D0048533B /* SettingsViewController.swift in Sources */,
				0BDE909B2461AD57006D8F47 /* PointsGenerator.swift in Sources */,
				0BBC03FE246029870048533B /* SimpleActionCell.swift in Sources */,
				0BCEE4522463414B003F7A0A /* UIColor.swift in Sources */,
				0BD9D95F245729BD00450D0E /* LevelPreviewController.swift in Sources */,
				0B436766245EC49100262CB3 /* AchievementsViewController.swift in Sources */,
				0B43676A245ED25700262CB3 /* ResourcesManager.swift in Sources */,
				0BBC8B152462E05500F7FE20 /* ColorScheme.swift in Sources */,
				0BCEE44D24633959003F7A0A /* ThemeRepository.swift in Sources */,
				0BC1FCD72433BA88002161A1 /* AppDelegate.swift in Sources */,
				0BA41212245DCD4C00592355 /* TOMMPictureSet.swift in Sources */,
				0B35C9A424636975008AA00B /* UIView.swift in Sources */,
				0BBC040124602FDF0048533B /* SimpleSwitcherCell.swift in Sources */,
				0B96E8A12455B3250017E0D7 /* Level.swift in Sources */,
				0BBC8B132462D3B400F7FE20 /* SelectingColorCell.swift in Sources */,
				0B49FC2C245A383D00A4F072 /* ScoreRepository.swift in Sources */,
				0BCEE44F24633A10003F7A0A /* Theme.swift in Sources */,
				0BD9D96524577D5B00450D0E /* TOMMPictureAnswersViewController.swift in Sources */,
				0BA4120F245D710B00592355 /* LevelViewController.swift in Sources */,
				0BBC0407246038AF0048533B /* SettingsCell.swift in Sources */,
				0BD9D95B2456E5FF00450D0E /* LevelCell.swift in Sources */,
				0BC1FCD92433BA88002161A1 /* SceneDelegate.swift in Sources */,
				0B8E08072461BAE70073C89C /* WMSDotsViewController.swift in Sources */,
				0B0E4D6224599DBB00DABF92 /* IndexedUIButton.swift in Sources */,
				0B94FF63245BA000002CFC41 /* UIStackView.swift in Sources */,
				0BD9D963245763AA00450D0E /* TOMMPictureViewController.swift in Sources */,
				0BBC0405246033990048533B /* SettingsCellDetails.swift in Sources */,
				0BBC04032460304C0048533B /* DetailsCell.swift in Sources */,
				0B49FC2E245A3C3D00A4F072 /* Score.swift in Sources */,
				0BD9D96824577F2700450D0E /* TOMMAnswerCell.swift in Sources */,
				0B49FC30245B20C900A4F072 /* Difficulty.swift in Sources */,
			);
			runOnlyForDeploymentPostprocessing = 0;
		};
		0BC1FCE52433BA89002161A1 /* Sources */ = {
			isa = PBXSourcesBuildPhase;
			buildActionMask = 2147483647;
			files = (
				0BC1FCEE2433BA89002161A1 /* MemoriaeTests.swift in Sources */,
			);
			runOnlyForDeploymentPostprocessing = 0;
		};
		0BC1FCF02433BA89002161A1 /* Sources */ = {
			isa = PBXSourcesBuildPhase;
			buildActionMask = 2147483647;
			files = (
				0BC1FCF92433BA89002161A1 /* MemoriaeUITests.swift in Sources */,
			);
			runOnlyForDeploymentPostprocessing = 0;
		};
/* End PBXSourcesBuildPhase section */

/* Begin PBXTargetDependency section */
		0BC1FCEB2433BA89002161A1 /* PBXTargetDependency */ = {
			isa = PBXTargetDependency;
			target = 0BC1FCD22433BA88002161A1 /* Memoriae */;
			targetProxy = 0BC1FCEA2433BA89002161A1 /* PBXContainerItemProxy */;
		};
		0BC1FCF62433BA89002161A1 /* PBXTargetDependency */ = {
			isa = PBXTargetDependency;
			target = 0BC1FCD22433BA88002161A1 /* Memoriae */;
			targetProxy = 0BC1FCF52433BA89002161A1 /* PBXContainerItemProxy */;
		};
/* End PBXTargetDependency section */

/* Begin PBXVariantGroup section */
		0BC1FCDC2433BA88002161A1 /* Main.storyboard */ = {
			isa = PBXVariantGroup;
			children = (
				0BC1FCDD2433BA88002161A1 /* Base */,
			);
			name = Main.storyboard;
			sourceTree = "<group>";
		};
		0BC1FCE12433BA89002161A1 /* LaunchScreen.storyboard */ = {
			isa = PBXVariantGroup;
			children = (
				0BC1FCE22433BA89002161A1 /* Base */,
			);
			name = LaunchScreen.storyboard;
			sourceTree = "<group>";
		};
/* End PBXVariantGroup section */

/* Begin XCBuildConfiguration section */
		0BC1FCFB2433BA89002161A1 /* Debug */ = {
			isa = XCBuildConfiguration;
			buildSettings = {
				ALWAYS_SEARCH_USER_PATHS = NO;
				CLANG_ANALYZER_NONNULL = YES;
				CLANG_ANALYZER_NUMBER_OBJECT_CONVERSION = YES_AGGRESSIVE;
				CLANG_CXX_LANGUAGE_STANDARD = "gnu++14";
				CLANG_CXX_LIBRARY = "libc++";
				CLANG_ENABLE_MODULES = YES;
				CLANG_ENABLE_OBJC_ARC = YES;
				CLANG_ENABLE_OBJC_WEAK = YES;
				CLANG_WARN_BLOCK_CAPTURE_AUTORELEASING = YES;
				CLANG_WARN_BOOL_CONVERSION = YES;
				CLANG_WARN_COMMA = YES;
				CLANG_WARN_CONSTANT_CONVERSION = YES;
				CLANG_WARN_DEPRECATED_OBJC_IMPLEMENTATIONS = YES;
				CLANG_WARN_DIRECT_OBJC_ISA_USAGE = YES_ERROR;
				CLANG_WARN_DOCUMENTATION_COMMENTS = YES;
				CLANG_WARN_EMPTY_BODY = YES;
				CLANG_WARN_ENUM_CONVERSION = YES;
				CLANG_WARN_INFINITE_RECURSION = YES;
				CLANG_WARN_INT_CONVERSION = YES;
				CLANG_WARN_NON_LITERAL_NULL_CONVERSION = YES;
				CLANG_WARN_OBJC_IMPLICIT_RETAIN_SELF = YES;
				CLANG_WARN_OBJC_LITERAL_CONVERSION = YES;
				CLANG_WARN_OBJC_ROOT_CLASS = YES_ERROR;
				CLANG_WARN_RANGE_LOOP_ANALYSIS = YES;
				CLANG_WARN_STRICT_PROTOTYPES = YES;
				CLANG_WARN_SUSPICIOUS_MOVE = YES;
				CLANG_WARN_UNGUARDED_AVAILABILITY = YES_AGGRESSIVE;
				CLANG_WARN_UNREACHABLE_CODE = YES;
				CLANG_WARN__DUPLICATE_METHOD_MATCH = YES;
				COPY_PHASE_STRIP = NO;
				DEBUG_INFORMATION_FORMAT = dwarf;
				ENABLE_STRICT_OBJC_MSGSEND = YES;
				ENABLE_TESTABILITY = YES;
				GCC_C_LANGUAGE_STANDARD = gnu11;
				GCC_DYNAMIC_NO_PIC = NO;
				GCC_NO_COMMON_BLOCKS = YES;
				GCC_OPTIMIZATION_LEVEL = 0;
				GCC_PREPROCESSOR_DEFINITIONS = (
					"DEBUG=1",
					"$(inherited)",
				);
				GCC_WARN_64_TO_32_BIT_CONVERSION = YES;
				GCC_WARN_ABOUT_RETURN_TYPE = YES_ERROR;
				GCC_WARN_UNDECLARED_SELECTOR = YES;
				GCC_WARN_UNINITIALIZED_AUTOS = YES_AGGRESSIVE;
				GCC_WARN_UNUSED_FUNCTION = YES;
				GCC_WARN_UNUSED_VARIABLE = YES;
				IPHONEOS_DEPLOYMENT_TARGET = 13.4;
				MTL_ENABLE_DEBUG_INFO = INCLUDE_SOURCE;
				MTL_FAST_MATH = YES;
				ONLY_ACTIVE_ARCH = YES;
				SDKROOT = iphoneos;
				SWIFT_ACTIVE_COMPILATION_CONDITIONS = DEBUG;
				SWIFT_OPTIMIZATION_LEVEL = "-Onone";
			};
			name = Debug;
		};
		0BC1FCFC2433BA89002161A1 /* Release */ = {
			isa = XCBuildConfiguration;
			buildSettings = {
				ALWAYS_SEARCH_USER_PATHS = NO;
				CLANG_ANALYZER_NONNULL = YES;
				CLANG_ANALYZER_NUMBER_OBJECT_CONVERSION = YES_AGGRESSIVE;
				CLANG_CXX_LANGUAGE_STANDARD = "gnu++14";
				CLANG_CXX_LIBRARY = "libc++";
				CLANG_ENABLE_MODULES = YES;
				CLANG_ENABLE_OBJC_ARC = YES;
				CLANG_ENABLE_OBJC_WEAK = YES;
				CLANG_WARN_BLOCK_CAPTURE_AUTORELEASING = YES;
				CLANG_WARN_BOOL_CONVERSION = YES;
				CLANG_WARN_COMMA = YES;
				CLANG_WARN_CONSTANT_CONVERSION = YES;
				CLANG_WARN_DEPRECATED_OBJC_IMPLEMENTATIONS = YES;
				CLANG_WARN_DIRECT_OBJC_ISA_USAGE = YES_ERROR;
				CLANG_WARN_DOCUMENTATION_COMMENTS = YES;
				CLANG_WARN_EMPTY_BODY = YES;
				CLANG_WARN_ENUM_CONVERSION = YES;
				CLANG_WARN_INFINITE_RECURSION = YES;
				CLANG_WARN_INT_CONVERSION = YES;
				CLANG_WARN_NON_LITERAL_NULL_CONVERSION = YES;
				CLANG_WARN_OBJC_IMPLICIT_RETAIN_SELF = YES;
				CLANG_WARN_OBJC_LITERAL_CONVERSION = YES;
				CLANG_WARN_OBJC_ROOT_CLASS = YES_ERROR;
				CLANG_WARN_RANGE_LOOP_ANALYSIS = YES;
				CLANG_WARN_STRICT_PROTOTYPES = YES;
				CLANG_WARN_SUSPICIOUS_MOVE = YES;
				CLANG_WARN_UNGUARDED_AVAILABILITY = YES_AGGRESSIVE;
				CLANG_WARN_UNREACHABLE_CODE = YES;
				CLANG_WARN__DUPLICATE_METHOD_MATCH = YES;
				COPY_PHASE_STRIP = NO;
				DEBUG_INFORMATION_FORMAT = "dwarf-with-dsym";
				ENABLE_NS_ASSERTIONS = NO;
				ENABLE_STRICT_OBJC_MSGSEND = YES;
				GCC_C_LANGUAGE_STANDARD = gnu11;
				GCC_NO_COMMON_BLOCKS = YES;
				GCC_WARN_64_TO_32_BIT_CONVERSION = YES;
				GCC_WARN_ABOUT_RETURN_TYPE = YES_ERROR;
				GCC_WARN_UNDECLARED_SELECTOR = YES;
				GCC_WARN_UNINITIALIZED_AUTOS = YES_AGGRESSIVE;
				GCC_WARN_UNUSED_FUNCTION = YES;
				GCC_WARN_UNUSED_VARIABLE = YES;
				IPHONEOS_DEPLOYMENT_TARGET = 13.4;
				MTL_ENABLE_DEBUG_INFO = NO;
				MTL_FAST_MATH = YES;
				SDKROOT = iphoneos;
				SWIFT_COMPILATION_MODE = wholemodule;
				SWIFT_OPTIMIZATION_LEVEL = "-O";
				VALIDATE_PRODUCT = YES;
			};
			name = Release;
		};
		0BC1FCFE2433BA89002161A1 /* Debug */ = {
			isa = XCBuildConfiguration;
			baseConfigurationReference = 5C0B4B8851CB1AE3B7A8F570 /* Pods-Memoriae.debug.xcconfig */;
			buildSettings = {
				ASSETCATALOG_COMPILER_APPICON_NAME = AppIcon;
				CODE_SIGN_STYLE = Automatic;
				DEVELOPMENT_TEAM = 3HG9ZBM8AV;
				INFOPLIST_FILE = Memoriae/Info.plist;
				LD_RUNPATH_SEARCH_PATHS = (
					"$(inherited)",
					"@executable_path/Frameworks",
				);
				PRODUCT_BUNDLE_IDENTIFIER = "SheetCode-Team.Memoriae";
				PRODUCT_NAME = "$(TARGET_NAME)";
				SWIFT_VERSION = 5.0;
				TARGETED_DEVICE_FAMILY = "1,2";
			};
			name = Debug;
		};
		0BC1FCFF2433BA89002161A1 /* Release */ = {
			isa = XCBuildConfiguration;
			baseConfigurationReference = C0AE38F156C05FFAB81E0F90 /* Pods-Memoriae.release.xcconfig */;
			buildSettings = {
				ASSETCATALOG_COMPILER_APPICON_NAME = AppIcon;
				CODE_SIGN_STYLE = Automatic;
				DEVELOPMENT_TEAM = 3HG9ZBM8AV;
				INFOPLIST_FILE = Memoriae/Info.plist;
				LD_RUNPATH_SEARCH_PATHS = (
					"$(inherited)",
					"@executable_path/Frameworks",
				);
				PRODUCT_BUNDLE_IDENTIFIER = "SheetCode-Team.Memoriae";
				PRODUCT_NAME = "$(TARGET_NAME)";
				SWIFT_VERSION = 5.0;
				TARGETED_DEVICE_FAMILY = "1,2";
			};
			name = Release;
		};
		0BC1FD012433BA89002161A1 /* Debug */ = {
			isa = XCBuildConfiguration;
			baseConfigurationReference = FB109471E26E4635C54C21E8 /* Pods-MemoriaeTests.debug.xcconfig */;
			buildSettings = {
				ALWAYS_EMBED_SWIFT_STANDARD_LIBRARIES = YES;
				BUNDLE_LOADER = "$(TEST_HOST)";
				CODE_SIGN_STYLE = Automatic;
				DEVELOPMENT_TEAM = 3HG9ZBM8AV;
				INFOPLIST_FILE = MemoriaeTests/Info.plist;
				IPHONEOS_DEPLOYMENT_TARGET = 13.4;
				LD_RUNPATH_SEARCH_PATHS = (
					"$(inherited)",
					"@executable_path/Frameworks",
					"@loader_path/Frameworks",
				);
				PRODUCT_BUNDLE_IDENTIFIER = "SheetCode-Team.MemoriaeTests";
				PRODUCT_NAME = "$(TARGET_NAME)";
				SWIFT_VERSION = 5.0;
				TARGETED_DEVICE_FAMILY = "1,2";
				TEST_HOST = "$(BUILT_PRODUCTS_DIR)/Memoriae.app/Memoriae";
			};
			name = Debug;
		};
		0BC1FD022433BA89002161A1 /* Release */ = {
			isa = XCBuildConfiguration;
			baseConfigurationReference = 4E5912D020F1E2023348921F /* Pods-MemoriaeTests.release.xcconfig */;
			buildSettings = {
				ALWAYS_EMBED_SWIFT_STANDARD_LIBRARIES = YES;
				BUNDLE_LOADER = "$(TEST_HOST)";
				CODE_SIGN_STYLE = Automatic;
				DEVELOPMENT_TEAM = 3HG9ZBM8AV;
				INFOPLIST_FILE = MemoriaeTests/Info.plist;
				IPHONEOS_DEPLOYMENT_TARGET = 13.4;
				LD_RUNPATH_SEARCH_PATHS = (
					"$(inherited)",
					"@executable_path/Frameworks",
					"@loader_path/Frameworks",
				);
				PRODUCT_BUNDLE_IDENTIFIER = "SheetCode-Team.MemoriaeTests";
				PRODUCT_NAME = "$(TARGET_NAME)";
				SWIFT_VERSION = 5.0;
				TARGETED_DEVICE_FAMILY = "1,2";
				TEST_HOST = "$(BUILT_PRODUCTS_DIR)/Memoriae.app/Memoriae";
			};
			name = Release;
		};
		0BC1FD042433BA89002161A1 /* Debug */ = {
			isa = XCBuildConfiguration;
			baseConfigurationReference = AAFB0C16F75965431EB4C09A /* Pods-MemoriaeUITests.debug.xcconfig */;
			buildSettings = {
				ALWAYS_EMBED_SWIFT_STANDARD_LIBRARIES = YES;
				CODE_SIGN_STYLE = Automatic;
				DEVELOPMENT_TEAM = 3HG9ZBM8AV;
				INFOPLIST_FILE = MemoriaeUITests/Info.plist;
				LD_RUNPATH_SEARCH_PATHS = (
					"$(inherited)",
					"@executable_path/Frameworks",
					"@loader_path/Frameworks",
				);
				PRODUCT_BUNDLE_IDENTIFIER = "SheetCode-Team.MemoriaeUITests";
				PRODUCT_NAME = "$(TARGET_NAME)";
				SWIFT_VERSION = 5.0;
				TARGETED_DEVICE_FAMILY = "1,2";
				TEST_TARGET_NAME = Memoriae;
			};
			name = Debug;
		};
		0BC1FD052433BA89002161A1 /* Release */ = {
			isa = XCBuildConfiguration;
			baseConfigurationReference = 8B6CF494E59CB5475C18C5CC /* Pods-MemoriaeUITests.release.xcconfig */;
			buildSettings = {
				ALWAYS_EMBED_SWIFT_STANDARD_LIBRARIES = YES;
				CODE_SIGN_STYLE = Automatic;
				DEVELOPMENT_TEAM = 3HG9ZBM8AV;
				INFOPLIST_FILE = MemoriaeUITests/Info.plist;
				LD_RUNPATH_SEARCH_PATHS = (
					"$(inherited)",
					"@executable_path/Frameworks",
					"@loader_path/Frameworks",
				);
				PRODUCT_BUNDLE_IDENTIFIER = "SheetCode-Team.MemoriaeUITests";
				PRODUCT_NAME = "$(TARGET_NAME)";
				SWIFT_VERSION = 5.0;
				TARGETED_DEVICE_FAMILY = "1,2";
				TEST_TARGET_NAME = Memoriae;
			};
			name = Release;
		};
/* End XCBuildConfiguration section */

/* Begin XCConfigurationList section */
		0BC1FCCE2433BA88002161A1 /* Build configuration list for PBXProject "Memoriae" */ = {
			isa = XCConfigurationList;
			buildConfigurations = (
				0BC1FCFB2433BA89002161A1 /* Debug */,
				0BC1FCFC2433BA89002161A1 /* Release */,
			);
			defaultConfigurationIsVisible = 0;
			defaultConfigurationName = Release;
		};
		0BC1FCFD2433BA89002161A1 /* Build configuration list for PBXNativeTarget "Memoriae" */ = {
			isa = XCConfigurationList;
			buildConfigurations = (
				0BC1FCFE2433BA89002161A1 /* Debug */,
				0BC1FCFF2433BA89002161A1 /* Release */,
			);
			defaultConfigurationIsVisible = 0;
			defaultConfigurationName = Release;
		};
		0BC1FD002433BA89002161A1 /* Build configuration list for PBXNativeTarget "MemoriaeTests" */ = {
			isa = XCConfigurationList;
			buildConfigurations = (
				0BC1FD012433BA89002161A1 /* Debug */,
				0BC1FD022433BA89002161A1 /* Release */,
			);
			defaultConfigurationIsVisible = 0;
			defaultConfigurationName = Release;
		};
		0BC1FD032433BA89002161A1 /* Build configuration list for PBXNativeTarget "MemoriaeUITests" */ = {
			isa = XCConfigurationList;
			buildConfigurations = (
				0BC1FD042433BA89002161A1 /* Debug */,
				0BC1FD052433BA89002161A1 /* Release */,
			);
			defaultConfigurationIsVisible = 0;
			defaultConfigurationName = Release;
		};
/* End XCConfigurationList section */
	};
	rootObject = 0BC1FCCB2433BA88002161A1 /* Project object */;
}
